
Microsoft Visual Studio Solution File, Format Version 12.00
# Visual Studio Version 17
VisualStudioVersion = 17.1.32228.430
MinimumVisualStudioVersion = 10.0.40219.1
Project("{FAE04EC0-301F-11D3-BF4B-00C04F79EFBC}") = "WebApplication1", "WebApplication1.csproj", "{F42464A3-659C-4C61-8AAF-AC2FCE5CBECB}"
EndProject
Global
	GlobalSection(SolutionConfigurationPlatforms) = preSolution
		Debug|Any CPU = Debug|Any CPU
		Release|Any CPU = Release|Any CPU
	EndGlobalSection
	GlobalSection(ProjectConfigurationPlatforms) = postSolution
		{F42464A3-659C-4C61-8AAF-AC2FCE5CBECB}.Debug|Any CPU.ActiveCfg = Debug|Any CPU
		{F42464A3-659C-4C61-8AAF-AC2FCE5CBECB}.Debug|Any CPU.Build.0 = Debug|Any CPU
		{F42464A3-659C-4C61-8AAF-AC2FCE5CBECB}.Release|Any CPU.ActiveCfg = Release|Any CPU
		{F42464A3-659C-4C61-8AAF-AC2FCE5CBECB}.Release|Any CPU.Build.0 = Release|Any CPU
	EndGlobalSection
	GlobalSection(SolutionProperties) = preSolution
		HideSolutionNode = FALSE
	EndGlobalSection
	GlobalSection(ExtensibilityGlobals) = postSolution
		SolutionGuid = {216473CA-2A3F-4DDA-B27F-278D6163F17E}
	EndGlobalSection
EndGlobal
